
Microsoft Visual Studio Solution File, Format Version 12.00
# Visual Studio 15
VisualStudioVersion = 15.0.28307.1267
MinimumVisualStudioVersion = 10.0.40219.1
Project("{8BC9CEB8-8B4A-11D0-8D11-00A0C91BC942}") = "SMPemulator", "ProjectSMP\ProjectSMP.vcxproj", "{123559AC-764C-47FE-BFC3-F57C48889FEE}"
EndProject
Project("{8BC9CEB8-8B4A-11D0-8D11-00A0C91BC942}") = "test", "test\test.vcxproj", "{99B763A2-20B4-4DC4-B265-F531CB663661}"
EndProject
Global
	GlobalSection(SolutionConfigurationPlatforms) = preSolution
		Debug|x64 = Debug|x64
		Debug|x86 = Debug|x86
		Release|x64 = Release|x64
		Release|x86 = Release|x86
	EndGlobalSection
	GlobalSection(ProjectConfigurationPlatforms) = postSolution
		{123559AC-764C-47FE-BFC3-F57C48889FEE}.Debug|x64.ActiveCfg = Debug|x64
		{123559AC-764C-47FE-BFC3-F57C48889FEE}.Debug|x64.Build.0 = Debug|x64
		{123559AC-764C-47FE-BFC3-F57C48889FEE}.Debug|x86.ActiveCfg = Debug|Win32
		{123559AC-764C-47FE-BFC3-F57C48889FEE}.Debug|x86.Build.0 = Debug|Win32
		{123559AC-764C-47FE-BFC3-F57C48889FEE}.Release|x64.ActiveCfg = Release|x64
		{123559AC-764C-47FE-BFC3-F57C48889FEE}.Release|x64.Build.0 = Release|x64
		{123559AC-764C-47FE-BFC3-F57C48889FEE}.Release|x86.ActiveCfg = Release|Win32
		{123559AC-764C-47FE-BFC3-F57C48889FEE}.Release|x86.Build.0 = Release|Win32
		{99B763A2-20B4-4DC4-B265-F531CB663661}.Debug|x64.ActiveCfg = Debug|x64
		{99B763A2-20B4-4DC4-B265-F531CB663661}.Debug|x64.Build.0 = Debug|x64
		{99B763A2-20B4-4DC4-B265-F531CB663661}.Debug|x86.ActiveCfg = Debug|Win32
		{99B763A2-20B4-4DC4-B265-F531CB663661}.Debug|x86.Build.0 = Debug|Win32
		{99B763A2-20B4-4DC4-B265-F531CB663661}.Release|x64.ActiveCfg = Release|x64
		{99B763A2-20B4-4DC4-B265-F531CB663661}.Release|x64.Build.0 = Release|x64
		{99B763A2-20B4-4DC4-B265-F531CB663661}.Release|x86.ActiveCfg = Release|Win32
		{99B763A2-20B4-4DC4-B265-F531CB663661}.Release|x86.Build.0 = Release|Win32
	EndGlobalSection
	GlobalSection(SolutionProperties) = preSolution
		HideSolutionNode = FALSE
	EndGlobalSection
	GlobalSection(ExtensibilityGlobals) = postSolution
		SolutionGuid = {8C23677E-0B86-47B4-BBB2-8E2A6EDE7116}
	EndGlobalSection
EndGlobal
